
Microsoft Visual Studio Solution File, Format Version 12.00
# Visual Studio Version 17
VisualStudioVersion = 17.3.32811.315
MinimumVisualStudioVersion = 10.0.40219.1
Project("{FAE04EC0-301F-11D3-BF4B-00C04F79EFBC}") = "pjVentaBoletas", "pjVentaBoletas\pjVentaBoletas.csproj", "{2B33864D-E5DB-404C-B209-6406AD2B016D}"
EndProject
Global
	GlobalSection(SolutionConfigurationPlatforms) = preSolution
		Debug|Any CPU = Debug|Any CPU
		Release|Any CPU = Release|Any CPU
	EndGlobalSection
	GlobalSection(ProjectConfigurationPlatforms) = postSolution
		{2B33864D-E5DB-404C-B209-6406AD2B016D}.Debug|Any CPU.ActiveCfg = Debug|Any CPU
		{2B33864D-E5DB-404C-B209-6406AD2B016D}.Debug|Any CPU.Build.0 = Debug|Any CPU
		{2B33864D-E5DB-404C-B209-6406AD2B016D}.Release|Any CPU.ActiveCfg = Release|Any CPU
		{2B33864D-E5DB-404C-B209-6406AD2B016D}.Release|Any CPU.Build.0 = Release|Any CPU
	EndGlobalSection
	GlobalSection(SolutionProperties) = preSolution
		HideSolutionNode = FALSE
	EndGlobalSection
	GlobalSection(ExtensibilityGlobals) = postSolution
		SolutionGuid = {98CB3B91-0010-4CB3-8B3D-F1CF76265D66}
	EndGlobalSection
EndGlobal
